
Microsoft Visual Studio Solution File, Format Version 12.00
# Visual Studio Version 17
VisualStudioVersion = 17.1.32210.238
MinimumVisualStudioVersion = 10.0.40219.1
Project("{FAE04EC0-301F-11D3-BF4B-00C04F79EFBC}") = "Tasks _5_Lesson", "Tasks _5_Lesson.csproj", "{5FD07032-0DA9-4AC9-81C1-7EE86DFB1AC8}"
EndProject
Global
	GlobalSection(SolutionConfigurationPlatforms) = preSolution
		Debug|Any CPU = Debug|Any CPU
		Release|Any CPU = Release|Any CPU
	EndGlobalSection
	GlobalSection(ProjectConfigurationPlatforms) = postSolution
		{5FD07032-0DA9-4AC9-81C1-7EE86DFB1AC8}.Debug|Any CPU.ActiveCfg = Debug|Any CPU
		{5FD07032-0DA9-4AC9-81C1-7EE86DFB1AC8}.Debug|Any CPU.Build.0 = Debug|Any CPU
		{5FD07032-0DA9-4AC9-81C1-7EE86DFB1AC8}.Release|Any CPU.ActiveCfg = Release|Any CPU
		{5FD07032-0DA9-4AC9-81C1-7EE86DFB1AC8}.Release|Any CPU.Build.0 = Release|Any CPU
	EndGlobalSection
	GlobalSection(SolutionProperties) = preSolution
		HideSolutionNode = FALSE
	EndGlobalSection
	GlobalSection(ExtensibilityGlobals) = postSolution
		SolutionGuid = {39B086FC-A866-4479-94AB-CE92F6B41A61}
	EndGlobalSection
EndGlobal
